
Microsoft Visual Studio Solution File, Format Version 12.00
# Visual Studio Version 17
VisualStudioVersion = 17.5.33516.290
MinimumVisualStudioVersion = 10.0.40219.1
Project("{8BC9CEB8-8B4A-11D0-8D11-00A0C91BC942}") = "PR47", "PR47\PR47.vcxproj", "{693360DF-17F7-462A-981C-3B8619937611}"
EndProject
Global
	GlobalSection(SolutionConfigurationPlatforms) = preSolution
		Debug|x64 = Debug|x64
		Debug|x86 = Debug|x86
		Release|x64 = Release|x64
		Release|x86 = Release|x86
	EndGlobalSection
	GlobalSection(ProjectConfigurationPlatforms) = postSolution
		{693360DF-17F7-462A-981C-3B8619937611}.Debug|x64.ActiveCfg = Debug|x64
		{693360DF-17F7-462A-981C-3B8619937611}.Debug|x64.Build.0 = Debug|x64
		{693360DF-17F7-462A-981C-3B8619937611}.Debug|x86.ActiveCfg = Debug|Win32
		{693360DF-17F7-462A-981C-3B8619937611}.Debug|x86.Build.0 = Debug|Win32
		{693360DF-17F7-462A-981C-3B8619937611}.Release|x64.ActiveCfg = Release|x64
		{693360DF-17F7-462A-981C-3B8619937611}.Release|x64.Build.0 = Release|x64
		{693360DF-17F7-462A-981C-3B8619937611}.Release|x86.ActiveCfg = Release|Win32
		{693360DF-17F7-462A-981C-3B8619937611}.Release|x86.Build.0 = Release|Win32
	EndGlobalSection
	GlobalSection(SolutionProperties) = preSolution
		HideSolutionNode = FALSE
	EndGlobalSection
	GlobalSection(ExtensibilityGlobals) = postSolution
		SolutionGuid = {01FDE104-C3AF-4036-863A-39BF8756BEC1}
	EndGlobalSection
EndGlobal
