
Microsoft Visual Studio Solution File, Format Version 12.00
# Visual Studio Version 17
VisualStudioVersion = 17.5.33516.290
MinimumVisualStudioVersion = 10.0.40219.1
Project("{8BC9CEB8-8B4A-11D0-8D11-00A0C91BC942}") = "FullProject2", "FullProject2\FullProject2.vcxproj", "{94893096-7D67-4ED2-AA51-5EAA7BA3079E}"
EndProject
Global
	GlobalSection(SolutionConfigurationPlatforms) = preSolution
		Debug|x64 = Debug|x64
		Debug|x86 = Debug|x86
		Release|x64 = Release|x64
		Release|x86 = Release|x86
	EndGlobalSection
	GlobalSection(ProjectConfigurationPlatforms) = postSolution
		{94893096-7D67-4ED2-AA51-5EAA7BA3079E}.Debug|x64.ActiveCfg = Debug|x64
		{94893096-7D67-4ED2-AA51-5EAA7BA3079E}.Debug|x64.Build.0 = Debug|x64
		{94893096-7D67-4ED2-AA51-5EAA7BA3079E}.Debug|x86.ActiveCfg = Debug|Win32
		{94893096-7D67-4ED2-AA51-5EAA7BA3079E}.Debug|x86.Build.0 = Debug|Win32
		{94893096-7D67-4ED2-AA51-5EAA7BA3079E}.Release|x64.ActiveCfg = Release|x64
		{94893096-7D67-4ED2-AA51-5EAA7BA3079E}.Release|x64.Build.0 = Release|x64
		{94893096-7D67-4ED2-AA51-5EAA7BA3079E}.Release|x86.ActiveCfg = Release|Win32
		{94893096-7D67-4ED2-AA51-5EAA7BA3079E}.Release|x86.Build.0 = Release|Win32
	EndGlobalSection
	GlobalSection(SolutionProperties) = preSolution
		HideSolutionNode = FALSE
	EndGlobalSection
	GlobalSection(ExtensibilityGlobals) = postSolution
		SolutionGuid = {AAC910B8-911A-4F6D-B7B8-8FE742DE35F6}
	EndGlobalSection
EndGlobal
