
Microsoft Visual Studio Solution File, Format Version 12.00
# Visual Studio Version 17
VisualStudioVersion = 17.5.33516.290
MinimumVisualStudioVersion = 10.0.40219.1
Project("{8BC9CEB8-8B4A-11D0-8D11-00A0C91BC942}") = "FullProject1", "FullProject1\FullProject1.vcxproj", "{34F12A9C-FFB9-486A-A95D-DD82FC00E25C}"
EndProject
Global
	GlobalSection(SolutionConfigurationPlatforms) = preSolution
		Debug|x64 = Debug|x64
		Debug|x86 = Debug|x86
		Release|x64 = Release|x64
		Release|x86 = Release|x86
	EndGlobalSection
	GlobalSection(ProjectConfigurationPlatforms) = postSolution
		{34F12A9C-FFB9-486A-A95D-DD82FC00E25C}.Debug|x64.ActiveCfg = Debug|x64
		{34F12A9C-FFB9-486A-A95D-DD82FC00E25C}.Debug|x64.Build.0 = Debug|x64
		{34F12A9C-FFB9-486A-A95D-DD82FC00E25C}.Debug|x86.ActiveCfg = Debug|Win32
		{34F12A9C-FFB9-486A-A95D-DD82FC00E25C}.Debug|x86.Build.0 = Debug|Win32
		{34F12A9C-FFB9-486A-A95D-DD82FC00E25C}.Release|x64.ActiveCfg = Release|x64
		{34F12A9C-FFB9-486A-A95D-DD82FC00E25C}.Release|x64.Build.0 = Release|x64
		{34F12A9C-FFB9-486A-A95D-DD82FC00E25C}.Release|x86.ActiveCfg = Release|Win32
		{34F12A9C-FFB9-486A-A95D-DD82FC00E25C}.Release|x86.Build.0 = Release|Win32
	EndGlobalSection
	GlobalSection(SolutionProperties) = preSolution
		HideSolutionNode = FALSE
	EndGlobalSection
	GlobalSection(ExtensibilityGlobals) = postSolution
		SolutionGuid = {A25C883D-3B3C-4DB1-A685-BCD7688CB5AA}
	EndGlobalSection
EndGlobal
