
Microsoft Visual Studio Solution File, Format Version 12.00
# Visual Studio Version 17
VisualStudioVersion = 17.5.33516.290
MinimumVisualStudioVersion = 10.0.40219.1
Project("{8BC9CEB8-8B4A-11D0-8D11-00A0C91BC942}") = "1.What_is_Debugging", "1.What_is_Debugging\1.What_is_Debugging.vcxproj", "{4ADCFC62-D755-4F95-AC05-9317DEF0E265}"
EndProject
Global
	GlobalSection(SolutionConfigurationPlatforms) = preSolution
		Debug|x64 = Debug|x64
		Debug|x86 = Debug|x86
		Release|x64 = Release|x64
		Release|x86 = Release|x86
	EndGlobalSection
	GlobalSection(ProjectConfigurationPlatforms) = postSolution
		{4ADCFC62-D755-4F95-AC05-9317DEF0E265}.Debug|x64.ActiveCfg = Debug|x64
		{4ADCFC62-D755-4F95-AC05-9317DEF0E265}.Debug|x64.Build.0 = Debug|x64
		{4ADCFC62-D755-4F95-AC05-9317DEF0E265}.Debug|x86.ActiveCfg = Debug|Win32
		{4ADCFC62-D755-4F95-AC05-9317DEF0E265}.Debug|x86.Build.0 = Debug|Win32
		{4ADCFC62-D755-4F95-AC05-9317DEF0E265}.Release|x64.ActiveCfg = Release|x64
		{4ADCFC62-D755-4F95-AC05-9317DEF0E265}.Release|x64.Build.0 = Release|x64
		{4ADCFC62-D755-4F95-AC05-9317DEF0E265}.Release|x86.ActiveCfg = Release|Win32
		{4ADCFC62-D755-4F95-AC05-9317DEF0E265}.Release|x86.Build.0 = Release|Win32
	EndGlobalSection
	GlobalSection(SolutionProperties) = preSolution
		HideSolutionNode = FALSE
	EndGlobalSection
	GlobalSection(ExtensibilityGlobals) = postSolution
		SolutionGuid = {7667CE3E-3EB6-47C4-8A47-CE92AD3C2026}
	EndGlobalSection
EndGlobal
