
Microsoft Visual Studio Solution File, Format Version 12.00
# Visual Studio Version 17
VisualStudioVersion = 17.5.33516.290
MinimumVisualStudioVersion = 10.0.40219.1
Project("{8BC9CEB8-8B4A-11D0-8D11-00A0C91BC942}") = "PR39", "PR39\PR39.vcxproj", "{B21907AA-ED58-42D0-A3DC-A4FAC5981B77}"
EndProject
Global
	GlobalSection(SolutionConfigurationPlatforms) = preSolution
		Debug|x64 = Debug|x64
		Debug|x86 = Debug|x86
		Release|x64 = Release|x64
		Release|x86 = Release|x86
	EndGlobalSection
	GlobalSection(ProjectConfigurationPlatforms) = postSolution
		{B21907AA-ED58-42D0-A3DC-A4FAC5981B77}.Debug|x64.ActiveCfg = Debug|x64
		{B21907AA-ED58-42D0-A3DC-A4FAC5981B77}.Debug|x64.Build.0 = Debug|x64
		{B21907AA-ED58-42D0-A3DC-A4FAC5981B77}.Debug|x86.ActiveCfg = Debug|Win32
		{B21907AA-ED58-42D0-A3DC-A4FAC5981B77}.Debug|x86.Build.0 = Debug|Win32
		{B21907AA-ED58-42D0-A3DC-A4FAC5981B77}.Release|x64.ActiveCfg = Release|x64
		{B21907AA-ED58-42D0-A3DC-A4FAC5981B77}.Release|x64.Build.0 = Release|x64
		{B21907AA-ED58-42D0-A3DC-A4FAC5981B77}.Release|x86.ActiveCfg = Release|Win32
		{B21907AA-ED58-42D0-A3DC-A4FAC5981B77}.Release|x86.Build.0 = Release|Win32
	EndGlobalSection
	GlobalSection(SolutionProperties) = preSolution
		HideSolutionNode = FALSE
	EndGlobalSection
	GlobalSection(ExtensibilityGlobals) = postSolution
		SolutionGuid = {21CA3C91-60F5-4826-B19A-EFB8F68AE215}
	EndGlobalSection
EndGlobal
