
Microsoft Visual Studio Solution File, Format Version 12.00
# Visual Studio Version 17
VisualStudioVersion = 17.5.33516.290
MinimumVisualStudioVersion = 10.0.40219.1
Project("{8BC9CEB8-8B4A-11D0-8D11-00A0C91BC942}") = "PR2", "PR2\PR2.vcxproj", "{28BB76EC-FC5D-425A-8348-1E0C8C7527F6}"
EndProject
Global
	GlobalSection(SolutionConfigurationPlatforms) = preSolution
		Debug|x64 = Debug|x64
		Debug|x86 = Debug|x86
		Release|x64 = Release|x64
		Release|x86 = Release|x86
	EndGlobalSection
	GlobalSection(ProjectConfigurationPlatforms) = postSolution
		{28BB76EC-FC5D-425A-8348-1E0C8C7527F6}.Debug|x64.ActiveCfg = Debug|x64
		{28BB76EC-FC5D-425A-8348-1E0C8C7527F6}.Debug|x64.Build.0 = Debug|x64
		{28BB76EC-FC5D-425A-8348-1E0C8C7527F6}.Debug|x86.ActiveCfg = Debug|Win32
		{28BB76EC-FC5D-425A-8348-1E0C8C7527F6}.Debug|x86.Build.0 = Debug|Win32
		{28BB76EC-FC5D-425A-8348-1E0C8C7527F6}.Release|x64.ActiveCfg = Release|x64
		{28BB76EC-FC5D-425A-8348-1E0C8C7527F6}.Release|x64.Build.0 = Release|x64
		{28BB76EC-FC5D-425A-8348-1E0C8C7527F6}.Release|x86.ActiveCfg = Release|Win32
		{28BB76EC-FC5D-425A-8348-1E0C8C7527F6}.Release|x86.Build.0 = Release|Win32
	EndGlobalSection
	GlobalSection(SolutionProperties) = preSolution
		HideSolutionNode = FALSE
	EndGlobalSection
	GlobalSection(ExtensibilityGlobals) = postSolution
		SolutionGuid = {4CC26364-DC8E-4CBE-9F28-74DEE4109999}
	EndGlobalSection
EndGlobal
