
Microsoft Visual Studio Solution File, Format Version 12.00
# Visual Studio Version 17
VisualStudioVersion = 17.5.33516.290
MinimumVisualStudioVersion = 10.0.40219.1
Project("{8BC9CEB8-8B4A-11D0-8D11-00A0C91BC942}") = "PR29.02", "PR29.02\PR29.02.vcxproj", "{1C51B39A-B518-48E5-9C6A-F97C7F6E0EA0}"
EndProject
Global
	GlobalSection(SolutionConfigurationPlatforms) = preSolution
		Debug|x64 = Debug|x64
		Debug|x86 = Debug|x86
		Release|x64 = Release|x64
		Release|x86 = Release|x86
	EndGlobalSection
	GlobalSection(ProjectConfigurationPlatforms) = postSolution
		{1C51B39A-B518-48E5-9C6A-F97C7F6E0EA0}.Debug|x64.ActiveCfg = Debug|x64
		{1C51B39A-B518-48E5-9C6A-F97C7F6E0EA0}.Debug|x64.Build.0 = Debug|x64
		{1C51B39A-B518-48E5-9C6A-F97C7F6E0EA0}.Debug|x86.ActiveCfg = Debug|Win32
		{1C51B39A-B518-48E5-9C6A-F97C7F6E0EA0}.Debug|x86.Build.0 = Debug|Win32
		{1C51B39A-B518-48E5-9C6A-F97C7F6E0EA0}.Release|x64.ActiveCfg = Release|x64
		{1C51B39A-B518-48E5-9C6A-F97C7F6E0EA0}.Release|x64.Build.0 = Release|x64
		{1C51B39A-B518-48E5-9C6A-F97C7F6E0EA0}.Release|x86.ActiveCfg = Release|Win32
		{1C51B39A-B518-48E5-9C6A-F97C7F6E0EA0}.Release|x86.Build.0 = Release|Win32
	EndGlobalSection
	GlobalSection(SolutionProperties) = preSolution
		HideSolutionNode = FALSE
	EndGlobalSection
	GlobalSection(ExtensibilityGlobals) = postSolution
		SolutionGuid = {CC77E08B-7E2A-4162-8ECE-52F404D43E32}
	EndGlobalSection
EndGlobal
